
Microsoft Visual Studio Solution File, Format Version 11.00
# Visual Studio 2010
Project("{FAE04EC0-301F-11D3-BF4B-00C04F79EFBC}") = "Assembly-CSharp", "Assembly-CSharp.csproj", "{1E169CD7-3F30-3202-126B-1EA022A43E1A}"
EndProject
Project("{FAE04EC0-301F-11D3-BF4B-00C04F79EFBC}") = "Assembly-CSharp-Editor", "Assembly-CSharp-Editor.csproj", "{50E59972-BC5F-5BAB-1342-2A12E47A493D}"
EndProject
Global
	GlobalSection(SolutionConfigurationPlatforms) = preSolution
		Debug|Any CPU = Debug|Any CPU
		Release|Any CPU = Release|Any CPU
	EndGlobalSection
	GlobalSection(ProjectConfigurationPlatforms) = postSolution
		{1E169CD7-3F30-3202-126B-1EA022A43E1A}.Debug|Any CPU.ActiveCfg = Debug|Any CPU
		{1E169CD7-3F30-3202-126B-1EA022A43E1A}.Debug|Any CPU.Build.0 = Debug|Any CPU
		{1E169CD7-3F30-3202-126B-1EA022A43E1A}.Release|Any CPU.ActiveCfg = Release|Any CPU
		{1E169CD7-3F30-3202-126B-1EA022A43E1A}.Release|Any CPU.Build.0 = Release|Any CPU
		{50E59972-BC5F-5BAB-1342-2A12E47A493D}.Debug|Any CPU.ActiveCfg = Debug|Any CPU
		{50E59972-BC5F-5BAB-1342-2A12E47A493D}.Debug|Any CPU.Build.0 = Debug|Any CPU
		{50E59972-BC5F-5BAB-1342-2A12E47A493D}.Release|Any CPU.ActiveCfg = Release|Any CPU
		{50E59972-BC5F-5BAB-1342-2A12E47A493D}.Release|Any CPU.Build.0 = Release|Any CPU
	EndGlobalSection
	GlobalSection(SolutionProperties) = preSolution
		HideSolutionNode = FALSE
	EndGlobalSection
EndGlobal
